
Microsoft Visual Studio Solution File, Format Version 12.00
# Visual Studio Version 17
VisualStudioVersion = 17.9.34622.214
MinimumVisualStudioVersion = 10.0.40219.1
Project("{9A19103F-16F7-4668-BE54-9A1E7A4F7556}") = "Byte.Core.Common", "Byte.Core.Common\Byte.Core.Common.csproj", "{4287B5E6-4E30-4397-9AD7-98BAB61F547E}"
EndProject
Project("{9A19103F-16F7-4668-BE54-9A1E7A4F7556}") = "Byte.Core.SqlSugar", "Byte.Core.SqlSugar\Byte.Core.SqlSugar.csproj", "{0C302F42-593E-4186-AFF5-F6DC18019E74}"
EndProject
Project("{9A19103F-16F7-4668-BE54-9A1E7A4F7556}") = "Byte.Core.Entity", "Byte.Core.Entity\Byte.Core.Entity.csproj", "{93DDE5FC-6986-4A88-A3BB-025E55759452}"
EndProject
Project("{9A19103F-16F7-4668-BE54-9A1E7A4F7556}") = "Byte.Core.Models", "Byte.Core.Models\Byte.Core.Models.csproj", "{287FFA61-3022-40D3-B91A-E020C65029B7}"
EndProject
Project("{9A19103F-16F7-4668-BE54-9A1E7A4F7556}") = "Byte.Core.Repository", "Byte.Core.Repository\Byte.Core.Repository.csproj", "{6F4CA06C-AF9A-4D54-97CE-E65C788301D7}"
EndProject
Project("{9A19103F-16F7-4668-BE54-9A1E7A4F7556}") = "Byte.Core.Api", "Byte.Core.Api\Byte.Core.Api.csproj", "{181C6CCE-1ED1-4379-A086-E1BB133FBFAD}"
EndProject
Project("{9A19103F-16F7-4668-BE54-9A1E7A4F7556}") = "Byte.Core.Business", "Byte.Core.Business\Byte.Core.Business.csproj", "{3A1B36BF-6D10-48DA-81AF-C77C725D9D13}"
EndProject
Project("{9A19103F-16F7-4668-BE54-9A1E7A4F7556}") = "Byte.Core.Tools", "Byte.Core.Tools\Byte.Core.Tools.csproj", "{AAF96D8A-B603-4CF3-A835-A35D66F31FC3}"
EndProject
Project("{9A19103F-16F7-4668-BE54-9A1E7A4F7556}") = "Byte.Core.MSTest", "Byte.Core.MSTest\Byte.Core.MSTest.csproj", "{C35D47BE-DB98-44F6-90DF-65624933FA25}"
EndProject
Project("{2150E333-8FDC-42A3-9474-1A3956D46DE8}") = "0.基类库源码(Nuget)", "0.基类库源码(Nuget)", "{9DE9EDDD-8F21-4653-9F53-DE3EF9AF6F74}"
EndProject
Project("{2150E333-8FDC-42A3-9474-1A3956D46DE8}") = "1.Api", "1.Api", "{438AFEAA-E98A-45D7-8EF8-C2D248C15E5C}"
EndProject
Project("{2150E333-8FDC-42A3-9474-1A3956D46DE8}") = "2.Business", "2.Business", "{564A8142-311B-4C39-AEAE-0CC694FBA3AE}"
EndProject
Project("{2150E333-8FDC-42A3-9474-1A3956D46DE8}") = "3.Repository", "3.Repository", "{F3F9E92F-76EC-45C6-9B10-E96F4B6A8DB6}"
EndProject
Project("{2150E333-8FDC-42A3-9474-1A3956D46DE8}") = "4.Entity", "4.Entity", "{E6D908F7-06B2-42C6-BFA8-97CB71023723}"
EndProject
Project("{2150E333-8FDC-42A3-9474-1A3956D46DE8}") = "5.Common", "5.Common", "{43E02FDF-0FB3-4425-B51B-600ED93B2F90}"
EndProject
Global
	GlobalSection(SolutionConfigurationPlatforms) = preSolution
		Debug|Any CPU = Debug|Any CPU
		Release|Any CPU = Release|Any CPU
	EndGlobalSection
	GlobalSection(ProjectConfigurationPlatforms) = postSolution
		{4287B5E6-4E30-4397-9AD7-98BAB61F547E}.Debug|Any CPU.ActiveCfg = Debug|Any CPU
		{4287B5E6-4E30-4397-9AD7-98BAB61F547E}.Debug|Any CPU.Build.0 = Debug|Any CPU
		{4287B5E6-4E30-4397-9AD7-98BAB61F547E}.Release|Any CPU.ActiveCfg = Release|Any CPU
		{4287B5E6-4E30-4397-9AD7-98BAB61F547E}.Release|Any CPU.Build.0 = Release|Any CPU
		{0C302F42-593E-4186-AFF5-F6DC18019E74}.Debug|Any CPU.ActiveCfg = Debug|Any CPU
		{0C302F42-593E-4186-AFF5-F6DC18019E74}.Debug|Any CPU.Build.0 = Debug|Any CPU
		{0C302F42-593E-4186-AFF5-F6DC18019E74}.Release|Any CPU.ActiveCfg = Release|Any CPU
		{0C302F42-593E-4186-AFF5-F6DC18019E74}.Release|Any CPU.Build.0 = Release|Any CPU
		{93DDE5FC-6986-4A88-A3BB-025E55759452}.Debug|Any CPU.ActiveCfg = Debug|Any CPU
		{93DDE5FC-6986-4A88-A3BB-025E55759452}.Debug|Any CPU.Build.0 = Debug|Any CPU
		{93DDE5FC-6986-4A88-A3BB-025E55759452}.Release|Any CPU.ActiveCfg = Release|Any CPU
		{93DDE5FC-6986-4A88-A3BB-025E55759452}.Release|Any CPU.Build.0 = Release|Any CPU
		{287FFA61-3022-40D3-B91A-E020C65029B7}.Debug|Any CPU.ActiveCfg = Debug|Any CPU
		{287FFA61-3022-40D3-B91A-E020C65029B7}.Debug|Any CPU.Build.0 = Debug|Any CPU
		{287FFA61-3022-40D3-B91A-E020C65029B7}.Release|Any CPU.ActiveCfg = Release|Any CPU
		{287FFA61-3022-40D3-B91A-E020C65029B7}.Release|Any CPU.Build.0 = Release|Any CPU
		{6F4CA06C-AF9A-4D54-97CE-E65C788301D7}.Debug|Any CPU.ActiveCfg = Debug|Any CPU
		{6F4CA06C-AF9A-4D54-97CE-E65C788301D7}.Debug|Any CPU.Build.0 = Debug|Any CPU
		{6F4CA06C-AF9A-4D54-97CE-E65C788301D7}.Release|Any CPU.ActiveCfg = Release|Any CPU
		{6F4CA06C-AF9A-4D54-97CE-E65C788301D7}.Release|Any CPU.Build.0 = Release|Any CPU
		{181C6CCE-1ED1-4379-A086-E1BB133FBFAD}.Debug|Any CPU.ActiveCfg = Debug|Any CPU
		{181C6CCE-1ED1-4379-A086-E1BB133FBFAD}.Debug|Any CPU.Build.0 = Debug|Any CPU
		{181C6CCE-1ED1-4379-A086-E1BB133FBFAD}.Release|Any CPU.ActiveCfg = Release|Any CPU
		{181C6CCE-1ED1-4379-A086-E1BB133FBFAD}.Release|Any CPU.Build.0 = Release|Any CPU
		{3A1B36BF-6D10-48DA-81AF-C77C725D9D13}.Debug|Any CPU.ActiveCfg = Debug|Any CPU
		{3A1B36BF-6D10-48DA-81AF-C77C725D9D13}.Debug|Any CPU.Build.0 = Debug|Any CPU
		{3A1B36BF-6D10-48DA-81AF-C77C725D9D13}.Release|Any CPU.ActiveCfg = Release|Any CPU
		{3A1B36BF-6D10-48DA-81AF-C77C725D9D13}.Release|Any CPU.Build.0 = Release|Any CPU
		{AAF96D8A-B603-4CF3-A835-A35D66F31FC3}.Debug|Any CPU.ActiveCfg = Debug|Any CPU
		{AAF96D8A-B603-4CF3-A835-A35D66F31FC3}.Debug|Any CPU.Build.0 = Debug|Any CPU
		{AAF96D8A-B603-4CF3-A835-A35D66F31FC3}.Release|Any CPU.ActiveCfg = Release|Any CPU
		{AAF96D8A-B603-4CF3-A835-A35D66F31FC3}.Release|Any CPU.Build.0 = Release|Any CPU
		{C35D47BE-DB98-44F6-90DF-65624933FA25}.Debug|Any CPU.ActiveCfg = Debug|Any CPU
		{C35D47BE-DB98-44F6-90DF-65624933FA25}.Debug|Any CPU.Build.0 = Debug|Any CPU
		{C35D47BE-DB98-44F6-90DF-65624933FA25}.Release|Any CPU.ActiveCfg = Release|Any CPU
		{C35D47BE-DB98-44F6-90DF-65624933FA25}.Release|Any CPU.Build.0 = Release|Any CPU
	EndGlobalSection
	GlobalSection(SolutionProperties) = preSolution
		HideSolutionNode = FALSE
	EndGlobalSection
	GlobalSection(NestedProjects) = preSolution
		{4287B5E6-4E30-4397-9AD7-98BAB61F547E} = {9DE9EDDD-8F21-4653-9F53-DE3EF9AF6F74}
		{0C302F42-593E-4186-AFF5-F6DC18019E74} = {9DE9EDDD-8F21-4653-9F53-DE3EF9AF6F74}
		{93DDE5FC-6986-4A88-A3BB-025E55759452} = {E6D908F7-06B2-42C6-BFA8-97CB71023723}
		{287FFA61-3022-40D3-B91A-E020C65029B7} = {E6D908F7-06B2-42C6-BFA8-97CB71023723}
		{6F4CA06C-AF9A-4D54-97CE-E65C788301D7} = {F3F9E92F-76EC-45C6-9B10-E96F4B6A8DB6}
		{181C6CCE-1ED1-4379-A086-E1BB133FBFAD} = {438AFEAA-E98A-45D7-8EF8-C2D248C15E5C}
		{3A1B36BF-6D10-48DA-81AF-C77C725D9D13} = {564A8142-311B-4C39-AEAE-0CC694FBA3AE}
		{AAF96D8A-B603-4CF3-A835-A35D66F31FC3} = {43E02FDF-0FB3-4425-B51B-600ED93B2F90}
	EndGlobalSection
	GlobalSection(ExtensibilityGlobals) = postSolution
		SolutionGuid = {A9C88004-E3B9-4780-A50D-FAD72131B5FE}
	EndGlobalSection
EndGlobal
